
Microsoft Visual Studio Solution File, Format Version 12.00
# Visual Studio Version 17
VisualStudioVersion = 17.7.34302.85
MinimumVisualStudioVersion = 10.0.40219.1
Project("{8BC9CEB8-8B4A-11D0-8D11-00A0C91BC942}") = "MyWorld", "MyWorld\MyWorld.vcxproj", "{278DA415-D5D0-484E-9662-2C95A6ED96FA}"
EndProject
Global
	GlobalSection(SolutionConfigurationPlatforms) = preSolution
		Debug|x64 = Debug|x64
		Release|x64 = Release|x64
	EndGlobalSection
	GlobalSection(ProjectConfigurationPlatforms) = postSolution
		{278DA415-D5D0-484E-9662-2C95A6ED96FA}.Debug|x64.ActiveCfg = Debug|x64
		{278DA415-D5D0-484E-9662-2C95A6ED96FA}.Debug|x64.Build.0 = Debug|x64
		{278DA415-D5D0-484E-9662-2C95A6ED96FA}.Release|x64.ActiveCfg = Release|x64
		{278DA415-D5D0-484E-9662-2C95A6ED96FA}.Release|x64.Build.0 = Release|x64
	EndGlobalSection
	GlobalSection(SolutionProperties) = preSolution
		HideSolutionNode = FALSE
	EndGlobalSection
	GlobalSection(ExtensibilityGlobals) = postSolution
		SolutionGuid = {5235D86B-1371-4BBD-A0BB-29D8FB9B8ECE}
	EndGlobalSection
EndGlobal
